
Microsoft Visual Studio Solution File, Format Version 12.00
# Visual Studio Version 16
VisualStudioVersion = 16.0.29409.12
MinimumVisualStudioVersion = 10.0.40219.1
Project("{FAE04EC0-301F-11D3-BF4B-00C04F79EFBC}") = "AICourseCSharpL6", "AICourseCSharpL6\AICourseCSharpL6.csproj", "{16642A84-ABAE-48BB-89C2-1A4E495F1998}"
EndProject
Global
	GlobalSection(SolutionConfigurationPlatforms) = preSolution
		Debug|Any CPU = Debug|Any CPU
		Release|Any CPU = Release|Any CPU
	EndGlobalSection
	GlobalSection(ProjectConfigurationPlatforms) = postSolution
		{16642A84-ABAE-48BB-89C2-1A4E495F1998}.Debug|Any CPU.ActiveCfg = Debug|Any CPU
		{16642A84-ABAE-48BB-89C2-1A4E495F1998}.Debug|Any CPU.Build.0 = Debug|Any CPU
		{16642A84-ABAE-48BB-89C2-1A4E495F1998}.Release|Any CPU.ActiveCfg = Release|Any CPU
		{16642A84-ABAE-48BB-89C2-1A4E495F1998}.Release|Any CPU.Build.0 = Release|Any CPU
	EndGlobalSection
	GlobalSection(SolutionProperties) = preSolution
		HideSolutionNode = FALSE
	EndGlobalSection
	GlobalSection(ExtensibilityGlobals) = postSolution
		SolutionGuid = {D026B5D3-478D-4341-9007-F3AF422513C0}
	EndGlobalSection
EndGlobal
